
Microsoft Visual Studio Solution File, Format Version 12.00
# Visual Studio 2013
VisualStudioVersion = 12.0.30723.0
MinimumVisualStudioVersion = 10.0.40219.1
Project("{8BC9CEB8-8B4A-11D0-8D11-00A0C91BC942}") = "game", "game.vcxproj", "{6CDB0C19-966D-4F5A-807C-4B740129D470}"
EndProject
Project("{2150E333-8FDC-42A3-9474-1A3956D46DE8}") = "Client", "Client", "{FF99AA46-7DA0-417A-AC59-84DF2E240322}"
EndProject
Project("{8BC9CEB8-8B4A-11D0-8D11-00A0C91BC942}") = "cgame", "..\..\src\cgame\cgame.vcxproj", "{A16F9DCF-7F32-43AB-A044-74B7C660FC9B}"
EndProject
Project("{8BC9CEB8-8B4A-11D0-8D11-00A0C91BC942}") = "ui", "..\..\src\ui\ui.vcxproj", "{64DCBC13-78A6-43E9-931D-B63FBB0421C7}"
EndProject
Global
	GlobalSection(SolutionConfigurationPlatforms) = preSolution
		Debug|Win32 = Debug|Win32
		Release|Win32 = Release|Win32
	EndGlobalSection
	GlobalSection(ProjectConfigurationPlatforms) = postSolution
		{6CDB0C19-966D-4F5A-807C-4B740129D470}.Debug|Win32.ActiveCfg = Debug|Win32
		{6CDB0C19-966D-4F5A-807C-4B740129D470}.Debug|Win32.Build.0 = Debug|Win32
		{6CDB0C19-966D-4F5A-807C-4B740129D470}.Release|Win32.ActiveCfg = Release|Win32
		{6CDB0C19-966D-4F5A-807C-4B740129D470}.Release|Win32.Build.0 = Release|Win32
		{A16F9DCF-7F32-43AB-A044-74B7C660FC9B}.Debug|Win32.ActiveCfg = Debug|Win32
		{A16F9DCF-7F32-43AB-A044-74B7C660FC9B}.Debug|Win32.Build.0 = Debug|Win32
		{A16F9DCF-7F32-43AB-A044-74B7C660FC9B}.Release|Win32.ActiveCfg = Release|Win32
		{A16F9DCF-7F32-43AB-A044-74B7C660FC9B}.Release|Win32.Build.0 = Release|Win32
		{64DCBC13-78A6-43E9-931D-B63FBB0421C7}.Debug|Win32.ActiveCfg = Debug|Win32
		{64DCBC13-78A6-43E9-931D-B63FBB0421C7}.Debug|Win32.Build.0 = Debug|Win32
		{64DCBC13-78A6-43E9-931D-B63FBB0421C7}.Release|Win32.ActiveCfg = Release|Win32
		{64DCBC13-78A6-43E9-931D-B63FBB0421C7}.Release|Win32.Build.0 = Release|Win32
	EndGlobalSection
	GlobalSection(SolutionProperties) = preSolution
		HideSolutionNode = FALSE
	EndGlobalSection
	GlobalSection(NestedProjects) = preSolution
		{A16F9DCF-7F32-43AB-A044-74B7C660FC9B} = {FF99AA46-7DA0-417A-AC59-84DF2E240322}
		{64DCBC13-78A6-43E9-931D-B63FBB0421C7} = {FF99AA46-7DA0-417A-AC59-84DF2E240322}
	EndGlobalSection
EndGlobal
